github.com/brronsuite/brond v0.0.0-20220729070905-ff07781884c4 h1:O/rqcDlUYxE1OuXrpgZBN3b3RV0gB7znYu4Bz8GNkl4=
github.com/brronsuite/brond v0.0.0-20220729070905-ff07781884c4/go.mod h1:LgeAPRZbKJwupqdPd63/jV0CNypBWZ4PNC/oIwUmj3M=
github.com/brronsuite/brond/btcec v0.0.0-20220729070905-ff07781884c4 h1:wI8Xv1AWAYQAgYGEMd6HprEfH+SXcrcIb9P9de29pq4=
github.com/brronsuite/brond/btcec v0.0.0-20220729070905-ff07781884c4/go.mod h1:i9vR8Dq5gJaeQcWrZEGzF4ntL3BHN45bEHdHX5jl+0M=
github.com/brronsuite/bronutil v0.0.0-20220729071735-35caa7b879ba h1:dOtNMznYE1gtJMjKcyN07e55g2X/jSMi77ol0SNL/tQ=
github.com/brronsuite/bronutil v0.0.0-20220729071735-35caa7b879ba/go.mod h1:XdY43vmIrVhrNXVIL+u43PmJQNr2rlZ2sFTCPZKgXgQ=
github.com/btcsuite/btclog v0.0.0-20170628155309-84c8d2346e9f h1:bAs4lUbRJpnnkd9VhRV3jjAVU7DJVjMaK+IsvSeZvFo=
github.com/btcsuite/btclog v0.0.0-20170628155309-84c8d2346e9f/go.mod h1:TdznJufoqS23FtqVCzL0ZqgP5MqXbb4fg/WgDys70nA=
github.com/davecgh/go-spew v1.1.1 h1:vj9j/u1bqnvCEfJOwUhtlOARqs3+rkHYY13jYWTU97c=
github.com/davecgh/go-spew v1.1.1/go.mod h1:J7Y8YcW2NihsgmVo/mv3lAwl/skON4iLHjSsI+c5H38=
golang.org/x/crypto v0.0.0-20220722155217-630584e8d5aa h1:zuSxTR4o9y82ebqCUJYNGJbGPo6sKVl54f/TVDObg1c=
golang.org/x/crypto v0.0.0-20220722155217-630584e8d5aa/go.mod h1:IxCIyHEi3zRg3s0A5j5BB6A9Jmi73HwBIUl50j+osU4=
